// !$*UTF8*$!
{
	archiveVersion = 1;
	classes = {
	};
	objectVersion = 77;
	objects = {

/* Begin PBXContainerItemProxy section */
		7882825F2DDC3BE700C35CA9 /* PBXContainerItemProxy */ = {
			isa = PBXContainerItemProxy;
			containerPortal = 788282462DDC3BE500C35CA9 /* Project object */;
			proxyType = 1;
			remoteGlobalIDString = 7882824D2DDC3BE500C35CA9;
			remoteInfo = 7th_Practice2;
		};
		788282692DDC3BE700C35CA9 /* PBXContainerItemProxy */ = {
			isa = PBXContainerItemProxy;
			containerPortal = 788282462DDC3BE500C35CA9 /* Project object */;
			proxyType = 1;
			remoteGlobalIDString = 7882824D2DDC3BE500C35CA9;
			remoteInfo = 7th_Practice2;
		};
/* End PBXContainerItemProxy section */

/* Begin PBXFileReference section */
		7882824E2DDC3BE500C35CA9 /* 7th_Practice2.app */ = {isa = PBXFileReference; explicitFileType = wrapper.application; includeInIndex = 0; path = 7th_Practice2.app; sourceTree = BUILT_PRODUCTS_DIR; };
		7882825E2DDC3BE700C35CA9 /* 7th_Practice2Tests.xctest */ = {isa = PBXFileReference; explicitFileType = wrapper.cfbundle; includeInIndex = 0; path = 7th_Practice2Tests.xctest; sourceTree = BUILT_PRODUCTS_DIR; };
		788282682DDC3BE700C35CA9 /* 7th_Practice2UITests.xctest */ = {isa = PBXFileReference; explicitFileType = wrapper.cfbundle; includeInIndex = 0; path = 7th_Practice2UITests.xctest; sourceTree = BUILT_PRODUCTS_DIR; };
/* End PBXFileReference section */

/* Begin PBXFileSystemSynchronizedRootGroup section */
		788282502DDC3BE500C35CA9 /* 7th_Practice2 */ = {
			isa = PBXFileSystemSynchronizedRootGroup;
			path = 7th_Practice2;
			sourceTree = "<group>";
		};
		788282612DDC3BE700C35CA9 /* 7th_Practice2Tests */ = {
			isa = PBXFileSystemSynchronizedRootGroup;
			path = 7th_Practice2Tests;
			sourceTree = "<group>";
		};
		7882826B2DDC3BE700C35CA9 /* 7th_Practice2UITests */ = {
			isa = PBXFileSystemSynchronizedRootGroup;
			path = 7th_Practice2UITests;
			sourceTree = "<group>";
		};
/* End PBXFileSystemSynchronizedRootGroup section */

/* Begin PBXFrameworksBuildPhase section */
		7882824B2DDC3BE500C35CA9 /* Frameworks */ = {
			isa = PBXFrameworksBuildPhase;
			buildActionMask = 2147483647;
			files = (
			);
			runOnlyForDeploymentPostprocessing = 0;
		};
		7882825B2DDC3BE700C35CA9 /* Frameworks */ = {
			isa = PBXFrameworksBuildPhase;
			buildActionMask = 2147483647;
			files = (
			);
			runOnlyForDeploymentPostprocessing = 0;
		};
		788282652DDC3BE700C35CA9 /* Frameworks */ = {
			isa = PBXFrameworksBuildPhase;
			buildActionMask = 2147483647;
			files = (
			);
			runOnlyForDeploymentPostprocessing = 0;
		};
/* End PBXFrameworksBuildPhase section */

/* Begin PBXGroup section */
		788282452DDC3BE500C35CA9 = {
			isa = PBXGroup;
			children = (
				788282502DDC3BE500C35CA9 /* 7th_Practice2 */,
				788282612DDC3BE700C35CA9 /* 7th_Practice2Tests */,
				7882826B2DDC3BE700C35CA9 /* 7th_Practice2UITests */,
				7882824F2DDC3BE500C35CA9 /* Products */,
			);
			sourceTree = "<group>";
		};
		7882824F2DDC3BE500C35CA9 /* Products */ = {
			isa = PBXGroup;
			children = (
				7882824E2DDC3BE500C35CA9 /* 7th_Practice2.app */,
				7882825E2DDC3BE700C35CA9 /* 7th_Practice2Tests.xctest */,
				788282682DDC3BE700C35CA9 /* 7th_Practice2UITests.xctest */,
			);
			name = Products;
			sourceTree = "<group>";
		};
/* End PBXGroup section */

/* Begin PBXNativeTarget section */
		7882824D2DDC3BE500C35CA9 /* 7th_Practice2 */ = {
			isa = PBXNativeTarget;
			buildConfigurationList = 788282722DDC3BE700C35CA9 /* Build configuration list for PBXNativeTarget "7th_Practice2" */;
			buildPhases = (
				7882824A2DDC3BE500C35CA9 /* Sources */,
				7882824B2DDC3BE500C35CA9 /* Frameworks */,
				7882824C2DDC3BE500C35CA9 /* Resources */,
			);
			buildRules = (
			);
			dependencies = (
			);
			fileSystemSynchronizedGroups = (
				788282502DDC3BE500C35CA9 /* 7th_Practice2 */,
			);
			name = 7th_Practice2;
			packageProductDependencies = (
			);
			productName = 7th_Practice2;
			productReference = 7882824E2DDC3BE500C35CA9 /* 7th_Practice2.app */;
			productType = "com.apple.product-type.application";
		};
		7882825D2DDC3BE700C35CA9 /* 7th_Practice2Tests */ = {
			isa = PBXNativeTarget;
			buildConfigurationList = 788282752DDC3BE700C35CA9 /* Build configuration list for PBXNativeTarget "7th_Practice2Tests" */;
			buildPhases = (
				7882825A2DDC3BE700C35CA9 /* Sources */,
				7882825B2DDC3BE700C35CA9 /* Frameworks */,
				7882825C2DDC3BE700C35CA9 /* Resources */,
			);
			buildRules = (
			);
			dependencies = (
				788282602DDC3BE700C35CA9 /* PBXTargetDependency */,
			);
			fileSystemSynchronizedGroups = (
				788282612DDC3BE700C35CA9 /* 7th_Practice2Tests */,
			);
			name = 7th_Practice2Tests;
			packageProductDependencies = (
			);
			productName = 7th_Practice2Tests;
			productReference = 7882825E2DDC3BE700C35CA9 /* 7th_Practice2Tests.xctest */;
			productType = "com.apple.product-type.bundle.unit-test";
		};
		788282672DDC3BE700C35CA9 /* 7th_Practice2UITests */ = {
			isa = PBXNativeTarget;
			buildConfigurationList = 788282782DDC3BE700C35CA9 /* Build configuration list for PBXNativeTarget "7th_Practice2UITests" */;
			buildPhases = (
				788282642DDC3BE700C35CA9 /* Sources */,
				788282652DDC3BE700C35CA9 /* Frameworks */,
				788282662DDC3BE700C35CA9 /* Resources */,
			);
			buildRules = (
			);
			dependencies = (
				7882826A2DDC3BE700C35CA9 /* PBXTargetDependency */,
			);
			fileSystemSynchronizedGroups = (
				7882826B2DDC3BE700C35CA9 /* 7th_Practice2UITests */,
			);
			name = 7th_Practice2UITests;
			packageProductDependencies = (
			);
			productName = 7th_Practice2UITests;
			productReference = 788282682DDC3BE700C35CA9 /* 7th_Practice2UITests.xctest */;
			productType = "com.apple.product-type.bundle.ui-testing";
		};
/* End PBXNativeTarget section */

/* Begin PBXProject section */
		788282462DDC3BE500C35CA9 /* Project object */ = {
			isa = PBXProject;
			attributes = {
				BuildIndependentTargetsInParallel = 1;
				LastSwiftUpdateCheck = 1610;
				LastUpgradeCheck = 1610;
				TargetAttributes = {
					7882824D2DDC3BE500C35CA9 = {
						CreatedOnToolsVersion = 16.1;
					};
					7882825D2DDC3BE700C35CA9 = {
						CreatedOnToolsVersion = 16.1;
						TestTargetID = 7882824D2DDC3BE500C35CA9;
					};
					788282672DDC3BE700C35CA9 = {
						CreatedOnToolsVersion = 16.1;
						TestTargetID = 7882824D2DDC3BE500C35CA9;
					};
				};
			};
			buildConfigurationList = 788282492DDC3BE500C35CA9 /* Build configuration list for PBXProject "7th_Practice2" */;
			developmentRegion = en;
			hasScannedForEncodings = 0;
			knownRegions = (
				en,
				Base,
			);
			mainGroup = 788282452DDC3BE500C35CA9;
			minimizedProjectReferenceProxies = 1;
			packageReferences = (
				788282872DDC3F9300C35CA9 /* XCRemoteSwiftPackageReference "Moya" */,
			);
			preferredProjectObjectVersion = 77;
			productRefGroup = 7882824F2DDC3BE500C35CA9 /* Products */;
			projectDirPath = "";
			projectRoot = "";
			targets = (
				7882824D2DDC3BE500C35CA9 /* 7th_Practice2 */,
				7882825D2DDC3BE700C35CA9 /* 7th_Practice2Tests */,
				788282672DDC3BE700C35CA9 /* 7th_Practice2UITests */,
			);
		};
/* End PBXProject section */

/* Begin PBXResourcesBuildPhase section */
		7882824C2DDC3BE500C35CA9 /* Resources */ = {
			isa = PBXResourcesBuildPhase;
			buildActionMask = 2147483647;
			files = (
			);
			runOnlyForDeploymentPostprocessing = 0;
		};
		7882825C2DDC3BE700C35CA9 /* Resources */ = {
			isa = PBXResourcesBuildPhase;
			buildActionMask = 2147483647;
			files = (
			);
			runOnlyForDeploymentPostprocessing = 0;
		};
		788282662DDC3BE700C35CA9 /* Resources */ = {
			isa = PBXResourcesBuildPhase;
			buildActionMask = 2147483647;
			files = (
			);
			runOnlyForDeploymentPostprocessing = 0;
		};
/* End PBXResourcesBuildPhase section */

/* Begin PBXSourcesBuildPhase section */
		7882824A2DDC3BE500C35CA9 /* Sources */ = {
			isa = PBXSourcesBuildPhase;
			buildActionMask = 2147483647;
			files = (
			);
			runOnlyForDeploymentPostprocessing = 0;
		};
		7882825A2DDC3BE700C35CA9 /* Sources */ = {
			isa = PBXSourcesBuildPhase;
			buildActionMask = 2147483647;
			files = (
			);
			runOnlyForDeploymentPostprocessing = 0;
		};
		788282642DDC3BE700C35CA9 /* Sources */ = {
			isa = PBXSourcesBuildPhase;
			buildActionMask = 2147483647;
			files = (
			);
			runOnlyForDeploymentPostprocessing = 0;
		};
/* End PBXSourcesBuildPhase section */

/* Begin PBXTargetDependency section */
		788282602DDC3BE700C35CA9 /* PBXTargetDependency */ = {
			isa = PBXTargetDependency;
			target = 7882824D2DDC3BE500C35CA9 /* 7th_Practice2 */;
			targetProxy = 7882825F2DDC3BE700C35CA9 /* PBXContainerItemProxy */;
		};
		7882826A2DDC3BE700C35CA9 /* PBXTargetDependency */ = {
			isa = PBXTargetDependency;
			target = 7882824D2DDC3BE500C35CA9 /* 7th_Practice2 */;
			targetProxy = 788282692DDC3BE700C35CA9 /* PBXContainerItemProxy */;
		};
/* End PBXTargetDependency section */

/* Begin XCBuildConfiguration section */
		788282702DDC3BE700C35CA9 /* Debug */ = {
			isa = XCBuildConfiguration;
			buildSettings = {
				ALWAYS_SEARCH_USER_PATHS = NO;
				ASSETCATALOG_COMPILER_GENERATE_SWIFT_ASSET_SYMBOL_EXTENSIONS = YES;
				CLANG_ANALYZER_NONNULL = YES;
				CLANG_ANALYZER_NUMBER_OBJECT_CONVERSION = YES_AGGRESSIVE;
				CLANG_CXX_LANGUAGE_STANDARD = "gnu++20";
				CLANG_ENABLE_MODULES = YES;
				CLANG_ENABLE_OBJC_ARC = YES;
				CLANG_ENABLE_OBJC_WEAK = YES;
				CLANG_WARN_BLOCK_CAPTURE_AUTORELEASING = YES;
				CLANG_WARN_BOOL_CONVERSION = YES;
				CLANG_WARN_COMMA = YES;
				CLANG_WARN_CONSTANT_CONVERSION = YES;
				CLANG_WARN_DEPRECATED_OBJC_IMPLEMENTATIONS = YES;
				CLANG_WARN_DIRECT_OBJC_ISA_USAGE = YES_ERROR;
				CLANG_WARN_DOCUMENTATION_COMMENTS = YES;
				CLANG_WARN_EMPTY_BODY = YES;
				CLANG_WARN_ENUM_CONVERSION = YES;
				CLANG_WARN_INFINITE_RECURSION = YES;
				CLANG_WARN_INT_CONVERSION = YES;
				CLANG_WARN_NON_LITERAL_NULL_CONVERSION = YES;
				CLANG_WARN_OBJC_IMPLICIT_RETAIN_SELF = YES;
				CLANG_WARN_OBJC_LITERAL_CONVERSION = YES;
				CLANG_WARN_OBJC_ROOT_CLASS = YES_ERROR;
				CLANG_WARN_QUOTED_INCLUDE_IN_FRAMEWORK_HEADER = YES;
				CLANG_WARN_RANGE_LOOP_ANALYSIS = YES;
				CLANG_WARN_STRICT_PROTOTYPES = YES;
				CLANG_WARN_SUSPICIOUS_MOVE = YES;
				CLANG_WARN_UNGUARDED_AVAILABILITY = YES_AGGRESSIVE;
				CLANG_WARN_UNREACHABLE_CODE = YES;
				CLANG_WARN__DUPLICATE_METHOD_MATCH = YES;
				COPY_PHASE_STRIP = NO;
				DEBUG_INFORMATION_FORMAT = dwarf;
				ENABLE_STRICT_OBJC_MSGSEND = YES;
				ENABLE_TESTABILITY = YES;
				ENABLE_USER_SCRIPT_SANDBOXING = YES;
				GCC_C_LANGUAGE_STANDARD = gnu17;
				GCC_DYNAMIC_NO_PIC = NO;
				GCC_NO_COMMON_BLOCKS = YES;
				GCC_OPTIMIZATION_LEVEL = 0;
				GCC_PREPROCESSOR_DEFINITIONS = (
					"DEBUG=1",
					"$(inherited)",
				);
				GCC_WARN_64_TO_32_BIT_CONVERSION = YES;
				GCC_WARN_ABOUT_RETURN_TYPE = YES_ERROR;
				GCC_WARN_UNDECLARED_SELECTOR = YES;
				GCC_WARN_UNINITIALIZED_AUTOS = YES_AGGRESSIVE;
				GCC_WARN_UNUSED_FUNCTION = YES;
				GCC_WARN_UNUSED_VARIABLE = YES;
				IPHONEOS_DEPLOYMENT_TARGET = 18.1;
				LOCALIZATION_PREFERS_STRING_CATALOGS = YES;
				MTL_ENABLE_DEBUG_INFO = INCLUDE_SOURCE;
				MTL_FAST_MATH = YES;
				ONLY_ACTIVE_ARCH = YES;
				SDKROOT = iphoneos;
				SWIFT_ACTIVE_COMPILATION_CONDITIONS = "DEBUG $(inherited)";
				SWIFT_OPTIMIZATION_LEVEL = "-Onone";
			};
			name = Debug;
		};
		788282712DDC3BE700C35CA9 /* Release */ = {
			isa = XCBuildConfiguration;
			buildSettings = {
				ALWAYS_SEARCH_USER_PATHS = NO;
				ASSETCATALOG_COMPILER_GENERATE_SWIFT_ASSET_SYMBOL_EXTENSIONS = YES;
				CLANG_ANALYZER_NONNULL = YES;
				CLANG_ANALYZER_NUMBER_OBJECT_CONVERSION = YES_AGGRESSIVE;
				CLANG_CXX_LANGUAGE_STANDARD = "gnu++20";
				CLANG_ENABLE_MODULES = YES;
				CLANG_ENABLE_OBJC_ARC = YES;
				CLANG_ENABLE_OBJC_WEAK = YES;
				CLANG_WARN_BLOCK_CAPTURE_AUTORELEASING = YES;
				CLANG_WARN_BOOL_CONVERSION = YES;
				CLANG_WARN_COMMA = YES;
				CLANG_WARN_CONSTANT_CONVERSION = YES;
				CLANG_WARN_DEPRECATED_OBJC_IMPLEMENTATIONS = YES;
				CLANG_WARN_DIRECT_OBJC_ISA_USAGE = YES_ERROR;
				CLANG_WARN_DOCUMENTATION_COMMENTS = YES;
				CLANG_WARN_EMPTY_BODY = YES;
				CLANG_WARN_ENUM_CONVERSION = YES;
				CLANG_WARN_INFINITE_RECURSION = YES;
				CLANG_WARN_INT_CONVERSION = YES;
				CLANG_WARN_NON_LITERAL_NULL_CONVERSION = YES;
				CLANG_WARN_OBJC_IMPLICIT_RETAIN_SELF = YES;
				CLANG_WARN_OBJC_LITERAL_CONVERSION = YES;
				CLANG_WARN_OBJC_ROOT_CLASS = YES_ERROR;
				CLANG_WARN_QUOTED_INCLUDE_IN_FRAMEWORK_HEADER = YES;
				CLANG_WARN_RANGE_LOOP_ANALYSIS = YES;
				CLANG_WARN_STRICT_PROTOTYPES = YES;
				CLANG_WARN_SUSPICIOUS_MOVE = YES;
				CLANG_WARN_UNGUARDED_AVAILABILITY = YES_AGGRESSIVE;
				CLANG_WARN_UNREACHABLE_CODE = YES;
				CLANG_WARN__DUPLICATE_METHOD_MATCH = YES;
				COPY_PHASE_STRIP = NO;
				DEBUG_INFORMATION_FORMAT = "dwarf-with-dsym";
				ENABLE_NS_ASSERTIONS = NO;
				ENABLE_STRICT_OBJC_MSGSEND = YES;
				ENABLE_USER_SCRIPT_SANDBOXING = YES;
				GCC_C_LANGUAGE_STANDARD = gnu17;
				GCC_NO_COMMON_BLOCKS = YES;
				GCC_WARN_64_TO_32_BIT_CONVERSION = YES;
				GCC_WARN_ABOUT_RETURN_TYPE = YES_ERROR;
				GCC_WARN_UNDECLARED_SELECTOR = YES;
				GCC_WARN_UNINITIALIZED_AUTOS = YES_AGGRESSIVE;
				GCC_WARN_UNUSED_FUNCTION = YES;
				GCC_WARN_UNUSED_VARIABLE = YES;
				IPHONEOS_DEPLOYMENT_TARGET = 18.1;
				LOCALIZATION_PREFERS_STRING_CATALOGS = YES;
				MTL_ENABLE_DEBUG_INFO = NO;
				MTL_FAST_MATH = YES;
				SDKROOT = iphoneos;
				SWIFT_COMPILATION_MODE = wholemodule;
				VALIDATE_PRODUCT = YES;
			};
			name = Release;
		};
		788282732DDC3BE700C35CA9 /* Debug */ = {
			isa = XCBuildConfiguration;
			buildSettings = {
				ASSETCATALOG_COMPILER_APPICON_NAME = AppIcon;
				ASSETCATALOG_COMPILER_GLOBAL_ACCENT_COLOR_NAME = AccentColor;
				CODE_SIGN_STYLE = Automatic;
				CURRENT_PROJECT_VERSION = 1;
				DEVELOPMENT_ASSET_PATHS = "\"7th_Practice2/Preview Content\"";
				ENABLE_PREVIEWS = YES;
				GENERATE_INFOPLIST_FILE = YES;
				INFOPLIST_KEY_UIApplicationSceneManifest_Generation = YES;
				INFOPLIST_KEY_UIApplicationSupportsIndirectInputEvents = YES;
				INFOPLIST_KEY_UILaunchScreen_Generation = YES;
				INFOPLIST_KEY_UISupportedInterfaceOrientations_iPad = "UIInterfaceOrientationPortrait UIInterfaceOrientationPortraitUpsideDown UIInterfaceOrientationLandscapeLeft UIInterfaceOrientationLandscapeRight";
				INFOPLIST_KEY_UISupportedInterfaceOrientations_iPhone = "UIInterfaceOrientationPortrait UIInterfaceOrientationLandscapeLeft UIInterfaceOrientationLandscapeRight";
				LD_RUNPATH_SEARCH_PATHS = (
					"$(inherited)",
					"@executable_path/Frameworks",
				);
				MARKETING_VERSION = 1.0;
				PRODUCT_BUNDLE_IDENTIFIER = "k.-th-Practice2";
				PRODUCT_NAME = "$(TARGET_NAME)";
				SWIFT_EMIT_LOC_STRINGS = YES;
				SWIFT_VERSION = 5.0;
				TARGETED_DEVICE_FAMILY = "1,2";
			};
			name = Debug;
		};
		788282742DDC3BE700C35CA9 /* Release */ = {
			isa = XCBuildConfiguration;
			buildSettings = {
				ASSETCATALOG_COMPILER_APPICON_NAME = AppIcon;
				ASSETCATALOG_COMPILER_GLOBAL_ACCENT_COLOR_NAME = AccentColor;
				CODE_SIGN_STYLE = Automatic;
				CURRENT_PROJECT_VERSION = 1;
				DEVELOPMENT_ASSET_PATHS = "\"7th_Practice2/Preview Content\"";
				ENABLE_PREVIEWS = YES;
				GENERATE_INFOPLIST_FILE = YES;
				INFOPLIST_KEY_UIApplicationSceneManifest_Generation = YES;
				INFOPLIST_KEY_UIApplicationSupportsIndirectInputEvents = YES;
				INFOPLIST_KEY_UILaunchScreen_Generation = YES;
				INFOPLIST_KEY_UISupportedInterfaceOrientations_iPad = "UIInterfaceOrientationPortrait UIInterfaceOrientationPortraitUpsideDown UIInterfaceOrientationLandscapeLeft UIInterfaceOrientationLandscapeRight";
				INFOPLIST_KEY_UISupportedInterfaceOrientations_iPhone = "UIInterfaceOrientationPortrait UIInterfaceOrientationLandscapeLeft UIInterfaceOrientationLandscapeRight";
				LD_RUNPATH_SEARCH_PATHS = (
					"$(inherited)",
					"@executable_path/Frameworks",
				);
				MARKETING_VERSION = 1.0;
				PRODUCT_BUNDLE_IDENTIFIER = "k.-th-Practice2";
				PRODUCT_NAME = "$(TARGET_NAME)";
				SWIFT_EMIT_LOC_STRINGS = YES;
				SWIFT_VERSION = 5.0;
				TARGETED_DEVICE_FAMILY = "1,2";
			};
			name = Release;
		};
		788282762DDC3BE700C35CA9 /* Debug */ = {
			isa = XCBuildConfiguration;
			buildSettings = {
				BUNDLE_LOADER = "$(TEST_HOST)";
				CODE_SIGN_STYLE = Automatic;
				CURRENT_PROJECT_VERSION = 1;
				GENERATE_INFOPLIST_FILE = YES;
				IPHONEOS_DEPLOYMENT_TARGET = 18.1;
				MARKETING_VERSION = 1.0;
				PRODUCT_BUNDLE_IDENTIFIER = "k.-th-Practice2Tests";
				PRODUCT_NAME = "$(TARGET_NAME)";
				SWIFT_EMIT_LOC_STRINGS = NO;
				SWIFT_VERSION = 5.0;
				TARGETED_DEVICE_FAMILY = "1,2";
				TEST_HOST = "$(BUILT_PRODUCTS_DIR)/7th_Practice2.app/$(BUNDLE_EXECUTABLE_FOLDER_PATH)/7th_Practice2";
			};
			name = Debug;
		};
		788282772DDC3BE700C35CA9 /* Release */ = {
			isa = XCBuildConfiguration;
			buildSettings = {
				BUNDLE_LOADER = "$(TEST_HOST)";
				CODE_SIGN_STYLE = Automatic;
				CURRENT_PROJECT_VERSION = 1;
				GENERATE_INFOPLIST_FILE = YES;
				IPHONEOS_DEPLOYMENT_TARGET = 18.1;
				MARKETING_VERSION = 1.0;
				PRODUCT_BUNDLE_IDENTIFIER = "k.-th-Practice2Tests";
				PRODUCT_NAME = "$(TARGET_NAME)";
				SWIFT_EMIT_LOC_STRINGS = NO;
				SWIFT_VERSION = 5.0;
				TARGETED_DEVICE_FAMILY = "1,2";
				TEST_HOST = "$(BUILT_PRODUCTS_DIR)/7th_Practice2.app/$(BUNDLE_EXECUTABLE_FOLDER_PATH)/7th_Practice2";
			};
			name = Release;
		};
		788282792DDC3BE700C35CA9 /* Debug */ = {
			isa = XCBuildConfiguration;
			buildSettings = {
				CODE_SIGN_STYLE = Automatic;
				CURRENT_PROJECT_VERSION = 1;
				GENERATE_INFOPLIST_FILE = YES;
				MARKETING_VERSION = 1.0;
				PRODUCT_BUNDLE_IDENTIFIER = "k.-th-Practice2UITests";
				PRODUCT_NAME = "$(TARGET_NAME)";
				SWIFT_EMIT_LOC_STRINGS = NO;
				SWIFT_VERSION = 5.0;
				TARGETED_DEVICE_FAMILY = "1,2";
				TEST_TARGET_NAME = 7th_Practice2;
			};
			name = Debug;
		};
		7882827A2DDC3BE700C35CA9 /* Release */ = {
			isa = XCBuildConfiguration;
			buildSettings = {
				CODE_SIGN_STYLE = Automatic;
				CURRENT_PROJECT_VERSION = 1;
				GENERATE_INFOPLIST_FILE = YES;
				MARKETING_VERSION = 1.0;
				PRODUCT_BUNDLE_IDENTIFIER = "k.-th-Practice2UITests";
				PRODUCT_NAME = "$(TARGET_NAME)";
				SWIFT_EMIT_LOC_STRINGS = NO;
				SWIFT_VERSION = 5.0;
				TARGETED_DEVICE_FAMILY = "1,2";
				TEST_TARGET_NAME = 7th_Practice2;
			};
			name = Release;
		};
/* End XCBuildConfiguration section */

/* Begin XCConfigurationList section */
		788282492DDC3BE500C35CA9 /* Build configuration list for PBXProject "7th_Practice2" */ = {
			isa = XCConfigurationList;
			buildConfigurations = (
				788282702DDC3BE700C35CA9 /* Debug */,
				788282712DDC3BE700C35CA9 /* Release */,
			);
			defaultConfigurationIsVisible = 0;
			defaultConfigurationName = Release;
		};
		788282722DDC3BE700C35CA9 /* Build configuration list for PBXNativeTarget "7th_Practice2" */ = {
			isa = XCConfigurationList;
			buildConfigurations = (
				788282732DDC3BE700C35CA9 /* Debug */,
				788282742DDC3BE700C35CA9 /* Release */,
			);
			defaultConfigurationIsVisible = 0;
			defaultConfigurationName = Release;
		};
		788282752DDC3BE700C35CA9 /* Build configuration list for PBXNativeTarget "7th_Practice2Tests" */ = {
			isa = XCConfigurationList;
			buildConfigurations = (
				788282762DDC3BE700C35CA9 /* Debug */,
				788282772DDC3BE700C35CA9 /* Release */,
			);
			defaultConfigurationIsVisible = 0;
			defaultConfigurationName = Release;
		};
		788282782DDC3BE700C35CA9 /* Build configuration list for PBXNativeTarget "7th_Practice2UITests" */ = {
			isa = XCConfigurationList;
			buildConfigurations = (
				788282792DDC3BE700C35CA9 /* Debug */,
				7882827A2DDC3BE700C35CA9 /* Release */,
			);
			defaultConfigurationIsVisible = 0;
			defaultConfigurationName = Release;
		};
/* End XCConfigurationList section */

/* Begin XCRemoteSwiftPackageReference section */
		788282872DDC3F9300C35CA9 /* XCRemoteSwiftPackageReference "Moya" */ = {
			isa = XCRemoteSwiftPackageReference;
			repositoryURL = "https://github.com/Moya/Moya";
			requirement = {
				kind = upToNextMajorVersion;
				minimumVersion = 15.0.3;
			};
		};
/* End XCRemoteSwiftPackageReference section */
	};
	rootObject = 788282462DDC3BE500C35CA9 /* Project object */;
}
