// !$*UTF8*$!
{
	archiveVersion = 1;
	classes = {
	};
	objectVersion = 77;
	objects = {

/* Begin PBXBuildFile section */
		D77022CB2DE661FC000347CC /* Moya in Frameworks */ = {isa = PBXBuildFile; productRef = D77022CA2DE661FC000347CC /* Moya */; };
		D7EF95452DD2A933003A3C81 /* Alamofire in Frameworks */ = {isa = PBXBuildFile; productRef = D7EF95442DD2A933003A3C81 /* Alamofire */; };
		D7EF95482DD2A9ED003A3C81 /* KakaoSDK in Frameworks */ = {isa = PBXBuildFile; productRef = D7EF95472DD2A9ED003A3C81 /* KakaoSDK */; };
		D7EF954A2DD2A9ED003A3C81 /* KakaoSDKAuth in Frameworks */ = {isa = PBXBuildFile; productRef = D7EF95492DD2A9ED003A3C81 /* KakaoSDKAuth */; };
		D7EF954C2DD2A9ED003A3C81 /* KakaoSDKCert in Frameworks */ = {isa = PBXBuildFile; productRef = D7EF954B2DD2A9ED003A3C81 /* KakaoSDKCert */; };
		D7EF954E2DD2A9ED003A3C81 /* KakaoSDKCertCore in Frameworks */ = {isa = PBXBuildFile; productRef = D7EF954D2DD2A9ED003A3C81 /* KakaoSDKCertCore */; };
		D7EF95502DD2A9ED003A3C81 /* KakaoSDKCommon in Frameworks */ = {isa = PBXBuildFile; productRef = D7EF954F2DD2A9ED003A3C81 /* KakaoSDKCommon */; };
		D7EF95542DD32542003A3C81 /* KakaoSDKFriendResources.bundle in Resources */ = {isa = PBXBuildFile; fileRef = D7EF95532DD32542003A3C81 /* KakaoSDKFriendResources.bundle */; };
/* End PBXBuildFile section */

/* Begin PBXContainerItemProxy section */
		D7D3841B2D9D153B0066E5D8 /* PBXContainerItemProxy */ = {
			isa = PBXContainerItemProxy;
			containerPortal = D7D384012D9D153A0066E5D8 /* Project object */;
			proxyType = 1;
			remoteGlobalIDString = D7D384082D9D153A0066E5D8;
			remoteInfo = StarbucksApp;
		};
		D7D384252D9D153B0066E5D8 /* PBXContainerItemProxy */ = {
			isa = PBXContainerItemProxy;
			containerPortal = D7D384012D9D153A0066E5D8 /* Project object */;
			proxyType = 1;
			remoteGlobalIDString = D7D384082D9D153A0066E5D8;
			remoteInfo = StarbucksApp;
		};
/* End PBXContainerItemProxy section */

/* Begin PBXFileReference section */
		D7D384092D9D153A0066E5D8 /* StarbucksApp.app */ = {isa = PBXFileReference; explicitFileType = wrapper.application; includeInIndex = 0; path = StarbucksApp.app; sourceTree = BUILT_PRODUCTS_DIR; };
		D7D3841A2D9D153B0066E5D8 /* StarbucksAppTests.xctest */ = {isa = PBXFileReference; explicitFileType = wrapper.cfbundle; includeInIndex = 0; path = StarbucksAppTests.xctest; sourceTree = BUILT_PRODUCTS_DIR; };
		D7D384242D9D153B0066E5D8 /* StarbucksAppUITests.xctest */ = {isa = PBXFileReference; explicitFileType = wrapper.cfbundle; includeInIndex = 0; path = StarbucksAppUITests.xctest; sourceTree = BUILT_PRODUCTS_DIR; };
		D7EF95532DD32542003A3C81 /* KakaoSDKFriendResources.bundle */ = {isa = PBXFileReference; lastKnownFileType = "wrapper.plug-in"; path = KakaoSDKFriendResources.bundle; sourceTree = "<group>"; };
/* End PBXFileReference section */

/* Begin PBXFileSystemSynchronizedBuildFileExceptionSet section */
		D77C9B3A2D9D1A3C00B9F15A /* Exceptions for "StarbucksApp" folder in "StarbucksApp" target */ = {
			isa = PBXFileSystemSynchronizedBuildFileExceptionSet;
			membershipExceptions = (
				Info.plist,
			);
			target = D7D384082D9D153A0066E5D8 /* StarbucksApp */;
		};
		D7906E472DC3A0180078D7B3 /* Exceptions for "StarbucksApp" folder in "StarbucksAppTests" target */ = {
			isa = PBXFileSystemSynchronizedBuildFileExceptionSet;
			membershipExceptions = (
				Map/stores.geojson,
			);
			target = D7D384192D9D153B0066E5D8 /* StarbucksAppTests */;
		};
		D7906E482DC3A0180078D7B3 /* Exceptions for "StarbucksApp" folder in "StarbucksAppUITests" target */ = {
			isa = PBXFileSystemSynchronizedBuildFileExceptionSet;
			membershipExceptions = (
				Map/stores.geojson,
			);
			target = D7D384232D9D153B0066E5D8 /* StarbucksAppUITests */;
		};
/* End PBXFileSystemSynchronizedBuildFileExceptionSet section */

/* Begin PBXFileSystemSynchronizedRootGroup section */
		D7D3840B2D9D153A0066E5D8 /* StarbucksApp */ = {
			isa = PBXFileSystemSynchronizedRootGroup;
			exceptions = (
				D77C9B3A2D9D1A3C00B9F15A /* Exceptions for "StarbucksApp" folder in "StarbucksApp" target */,
				D7906E472DC3A0180078D7B3 /* Exceptions for "StarbucksApp" folder in "StarbucksAppTests" target */,
				D7906E482DC3A0180078D7B3 /* Exceptions for "StarbucksApp" folder in "StarbucksAppUITests" target */,
			);
			path = StarbucksApp;
			sourceTree = "<group>";
		};
		D7D3841D2D9D153B0066E5D8 /* StarbucksAppTests */ = {
			isa = PBXFileSystemSynchronizedRootGroup;
			path = StarbucksAppTests;
			sourceTree = "<group>";
		};
		D7D384272D9D153B0066E5D8 /* StarbucksAppUITests */ = {
			isa = PBXFileSystemSynchronizedRootGroup;
			path = StarbucksAppUITests;
			sourceTree = "<group>";
		};
/* End PBXFileSystemSynchronizedRootGroup section */

/* Begin PBXFrameworksBuildPhase section */
		D7D384062D9D153A0066E5D8 /* Frameworks */ = {
			isa = PBXFrameworksBuildPhase;
			buildActionMask = 2147483647;
			files = (
				D7EF95452DD2A933003A3C81 /* Alamofire in Frameworks */,
				D7EF95482DD2A9ED003A3C81 /* KakaoSDK in Frameworks */,
				D7EF954E2DD2A9ED003A3C81 /* KakaoSDKCertCore in Frameworks */,
				D7EF954A2DD2A9ED003A3C81 /* KakaoSDKAuth in Frameworks */,
				D7EF95502DD2A9ED003A3C81 /* KakaoSDKCommon in Frameworks */,
				D77022CB2DE661FC000347CC /* Moya in Frameworks */,
				D7EF954C2DD2A9ED003A3C81 /* KakaoSDKCert in Frameworks */,
			);
			runOnlyForDeploymentPostprocessing = 0;
		};
		D7D384172D9D153B0066E5D8 /* Frameworks */ = {
			isa = PBXFrameworksBuildPhase;
			buildActionMask = 2147483647;
			files = (
			);
			runOnlyForDeploymentPostprocessing = 0;
		};
		D7D384212D9D153B0066E5D8 /* Frameworks */ = {
			isa = PBXFrameworksBuildPhase;
			buildActionMask = 2147483647;
			files = (
			);
			runOnlyForDeploymentPostprocessing = 0;
		};
/* End PBXFrameworksBuildPhase section */

/* Begin PBXGroup section */
		D7D384002D9D153A0066E5D8 = {
			isa = PBXGroup;
			children = (
				D7EF95532DD32542003A3C81 /* KakaoSDKFriendResources.bundle */,
				D7D3840A2D9D153A0066E5D8 /* Products */,
				D7D3840B2D9D153A0066E5D8 /* StarbucksApp */,
				D7D3841D2D9D153B0066E5D8 /* StarbucksAppTests */,
				D7D384272D9D153B0066E5D8 /* StarbucksAppUITests */,
			);
			sourceTree = "<group>";
		};
		D7D3840A2D9D153A0066E5D8 /* Products */ = {
			isa = PBXGroup;
			children = (
				D7D384092D9D153A0066E5D8 /* StarbucksApp.app */,
				D7D3841A2D9D153B0066E5D8 /* StarbucksAppTests.xctest */,
				D7D384242D9D153B0066E5D8 /* StarbucksAppUITests.xctest */,
			);
			name = Products;
			sourceTree = "<group>";
		};
/* End PBXGroup section */

/* Begin PBXNativeTarget section */
		D7D384082D9D153A0066E5D8 /* StarbucksApp */ = {
			isa = PBXNativeTarget;
			buildConfigurationList = D7D3842E2D9D153B0066E5D8 /* Build configuration list for PBXNativeTarget "StarbucksApp" */;
			buildPhases = (
				D7D384052D9D153A0066E5D8 /* Sources */,
				D7D384062D9D153A0066E5D8 /* Frameworks */,
				D7D384072D9D153A0066E5D8 /* Resources */,
			);
			buildRules = (
			);
			dependencies = (
			);
			fileSystemSynchronizedGroups = (
				D7D3840B2D9D153A0066E5D8 /* StarbucksApp */,
			);
			name = StarbucksApp;
			packageProductDependencies = (
				D7EF95442DD2A933003A3C81 /* Alamofire */,
				D7EF95472DD2A9ED003A3C81 /* KakaoSDK */,
				D7EF95492DD2A9ED003A3C81 /* KakaoSDKAuth */,
				D7EF954B2DD2A9ED003A3C81 /* KakaoSDKCert */,
				D7EF954D2DD2A9ED003A3C81 /* KakaoSDKCertCore */,
				D7EF954F2DD2A9ED003A3C81 /* KakaoSDKCommon */,
				D77022CA2DE661FC000347CC /* Moya */,
			);
			productName = StarbucksApp;
			productReference = D7D384092D9D153A0066E5D8 /* StarbucksApp.app */;
			productType = "com.apple.product-type.application";
		};
		D7D384192D9D153B0066E5D8 /* StarbucksAppTests */ = {
			isa = PBXNativeTarget;
			buildConfigurationList = D7D384312D9D153B0066E5D8 /* Build configuration list for PBXNativeTarget "StarbucksAppTests" */;
			buildPhases = (
				D7D384162D9D153B0066E5D8 /* Sources */,
				D7D384172D9D153B0066E5D8 /* Frameworks */,
				D7D384182D9D153B0066E5D8 /* Resources */,
			);
			buildRules = (
			);
			dependencies = (
				D7D3841C2D9D153B0066E5D8 /* PBXTargetDependency */,
			);
			fileSystemSynchronizedGroups = (
				D7D3841D2D9D153B0066E5D8 /* StarbucksAppTests */,
			);
			name = StarbucksAppTests;
			packageProductDependencies = (
			);
			productName = StarbucksAppTests;
			productReference = D7D3841A2D9D153B0066E5D8 /* StarbucksAppTests.xctest */;
			productType = "com.apple.product-type.bundle.unit-test";
		};
		D7D384232D9D153B0066E5D8 /* StarbucksAppUITests */ = {
			isa = PBXNativeTarget;
			buildConfigurationList = D7D384342D9D153B0066E5D8 /* Build configuration list for PBXNativeTarget "StarbucksAppUITests" */;
			buildPhases = (
				D7D384202D9D153B0066E5D8 /* Sources */,
				D7D384212D9D153B0066E5D8 /* Frameworks */,
				D7D384222D9D153B0066E5D8 /* Resources */,
			);
			buildRules = (
			);
			dependencies = (
				D7D384262D9D153B0066E5D8 /* PBXTargetDependency */,
			);
			fileSystemSynchronizedGroups = (
				D7D384272D9D153B0066E5D8 /* StarbucksAppUITests */,
			);
			name = StarbucksAppUITests;
			packageProductDependencies = (
			);
			productName = StarbucksAppUITests;
			productReference = D7D384242D9D153B0066E5D8 /* StarbucksAppUITests.xctest */;
			productType = "com.apple.product-type.bundle.ui-testing";
		};
/* End PBXNativeTarget section */

/* Begin PBXProject section */
		D7D384012D9D153A0066E5D8 /* Project object */ = {
			isa = PBXProject;
			attributes = {
				BuildIndependentTargetsInParallel = 1;
				LastSwiftUpdateCheck = 1620;
				LastUpgradeCheck = 1630;
				TargetAttributes = {
					D7D384082D9D153A0066E5D8 = {
						CreatedOnToolsVersion = 16.2;
					};
					D7D384192D9D153B0066E5D8 = {
						CreatedOnToolsVersion = 16.2;
						TestTargetID = D7D384082D9D153A0066E5D8;
					};
					D7D384232D9D153B0066E5D8 = {
						CreatedOnToolsVersion = 16.2;
						TestTargetID = D7D384082D9D153A0066E5D8;
					};
				};
			};
			buildConfigurationList = D7D384042D9D153A0066E5D8 /* Build configuration list for PBXProject "StarbucksApp" */;
			developmentRegion = en;
			hasScannedForEncodings = 0;
			knownRegions = (
				en,
				Base,
			);
			mainGroup = D7D384002D9D153A0066E5D8;
			minimizedProjectReferenceProxies = 1;
			packageReferences = (
				D7EF95432DD2A933003A3C81 /* XCRemoteSwiftPackageReference "Alamofire" */,
				D7EF95462DD2A9ED003A3C81 /* XCRemoteSwiftPackageReference "kakao-ios-sdk" */,
				D77022C92DE661FC000347CC /* XCRemoteSwiftPackageReference "Moya" */,
			);
			preferredProjectObjectVersion = 77;
			productRefGroup = D7D3840A2D9D153A0066E5D8 /* Products */;
			projectDirPath = "";
			projectRoot = "";
			targets = (
				D7D384082D9D153A0066E5D8 /* StarbucksApp */,
				D7D384192D9D153B0066E5D8 /* StarbucksAppTests */,
				D7D384232D9D153B0066E5D8 /* StarbucksAppUITests */,
			);
		};
/* End PBXProject section */

/* Begin PBXResourcesBuildPhase section */
		D7D384072D9D153A0066E5D8 /* Resources */ = {
			isa = PBXResourcesBuildPhase;
			buildActionMask = 2147483647;
			files = (
				D7EF95542DD32542003A3C81 /* KakaoSDKFriendResources.bundle in Resources */,
			);
			runOnlyForDeploymentPostprocessing = 0;
		};
		D7D384182D9D153B0066E5D8 /* Resources */ = {
			isa = PBXResourcesBuildPhase;
			buildActionMask = 2147483647;
			files = (
			);
			runOnlyForDeploymentPostprocessing = 0;
		};
		D7D384222D9D153B0066E5D8 /* Resources */ = {
			isa = PBXResourcesBuildPhase;
			buildActionMask = 2147483647;
			files = (
			);
			runOnlyForDeploymentPostprocessing = 0;
		};
/* End PBXResourcesBuildPhase section */

/* Begin PBXSourcesBuildPhase section */
		D7D384052D9D153A0066E5D8 /* Sources */ = {
			isa = PBXSourcesBuildPhase;
			buildActionMask = 2147483647;
			files = (
			);
			runOnlyForDeploymentPostprocessing = 0;
		};
		D7D384162D9D153B0066E5D8 /* Sources */ = {
			isa = PBXSourcesBuildPhase;
			buildActionMask = 2147483647;
			files = (
			);
			runOnlyForDeploymentPostprocessing = 0;
		};
		D7D384202D9D153B0066E5D8 /* Sources */ = {
			isa = PBXSourcesBuildPhase;
			buildActionMask = 2147483647;
			files = (
			);
			runOnlyForDeploymentPostprocessing = 0;
		};
/* End PBXSourcesBuildPhase section */

/* Begin PBXTargetDependency section */
		D7D3841C2D9D153B0066E5D8 /* PBXTargetDependency */ = {
			isa = PBXTargetDependency;
			target = D7D384082D9D153A0066E5D8 /* StarbucksApp */;
			targetProxy = D7D3841B2D9D153B0066E5D8 /* PBXContainerItemProxy */;
		};
		D7D384262D9D153B0066E5D8 /* PBXTargetDependency */ = {
			isa = PBXTargetDependency;
			target = D7D384082D9D153A0066E5D8 /* StarbucksApp */;
			targetProxy = D7D384252D9D153B0066E5D8 /* PBXContainerItemProxy */;
		};
/* End PBXTargetDependency section */

/* Begin XCBuildConfiguration section */
		D7D3842C2D9D153B0066E5D8 /* Debug */ = {
			isa = XCBuildConfiguration;
			buildSettings = {
				ALWAYS_SEARCH_USER_PATHS = NO;
				ASSETCATALOG_COMPILER_GENERATE_SWIFT_ASSET_SYMBOL_EXTENSIONS = YES;
				CLANG_ANALYZER_NONNULL = YES;
				CLANG_ANALYZER_NUMBER_OBJECT_CONVERSION = YES_AGGRESSIVE;
				CLANG_CXX_LANGUAGE_STANDARD = "gnu++20";
				CLANG_ENABLE_MODULES = YES;
				CLANG_ENABLE_OBJC_ARC = YES;
				CLANG_ENABLE_OBJC_WEAK = YES;
				CLANG_WARN_BLOCK_CAPTURE_AUTORELEASING = YES;
				CLANG_WARN_BOOL_CONVERSION = YES;
				CLANG_WARN_COMMA = YES;
				CLANG_WARN_CONSTANT_CONVERSION = YES;
				CLANG_WARN_DEPRECATED_OBJC_IMPLEMENTATIONS = YES;
				CLANG_WARN_DIRECT_OBJC_ISA_USAGE = YES_ERROR;
				CLANG_WARN_DOCUMENTATION_COMMENTS = YES;
				CLANG_WARN_EMPTY_BODY = YES;
				CLANG_WARN_ENUM_CONVERSION = YES;
				CLANG_WARN_INFINITE_RECURSION = YES;
				CLANG_WARN_INT_CONVERSION = YES;
				CLANG_WARN_NON_LITERAL_NULL_CONVERSION = YES;
				CLANG_WARN_OBJC_IMPLICIT_RETAIN_SELF = YES;
				CLANG_WARN_OBJC_LITERAL_CONVERSION = YES;
				CLANG_WARN_OBJC_ROOT_CLASS = YES_ERROR;
				CLANG_WARN_QUOTED_INCLUDE_IN_FRAMEWORK_HEADER = YES;
				CLANG_WARN_RANGE_LOOP_ANALYSIS = YES;
				CLANG_WARN_STRICT_PROTOTYPES = YES;
				CLANG_WARN_SUSPICIOUS_MOVE = YES;
				CLANG_WARN_UNGUARDED_AVAILABILITY = YES_AGGRESSIVE;
				CLANG_WARN_UNREACHABLE_CODE = YES;
				CLANG_WARN__DUPLICATE_METHOD_MATCH = YES;
				COPY_PHASE_STRIP = NO;
				DEAD_CODE_STRIPPING = YES;
				DEBUG_INFORMATION_FORMAT = dwarf;
				ENABLE_STRICT_OBJC_MSGSEND = YES;
				ENABLE_TESTABILITY = YES;
				ENABLE_USER_SCRIPT_SANDBOXING = YES;
				GCC_C_LANGUAGE_STANDARD = gnu17;
				GCC_DYNAMIC_NO_PIC = NO;
				GCC_NO_COMMON_BLOCKS = YES;
				GCC_OPTIMIZATION_LEVEL = 0;
				GCC_PREPROCESSOR_DEFINITIONS = (
					"DEBUG=1",
					"$(inherited)",
				);
				GCC_WARN_64_TO_32_BIT_CONVERSION = YES;
				GCC_WARN_ABOUT_RETURN_TYPE = YES_ERROR;
				GCC_WARN_UNDECLARED_SELECTOR = YES;
				GCC_WARN_UNINITIALIZED_AUTOS = YES_AGGRESSIVE;
				GCC_WARN_UNUSED_FUNCTION = YES;
				GCC_WARN_UNUSED_VARIABLE = YES;
				LOCALIZATION_PREFERS_STRING_CATALOGS = YES;
				MTL_ENABLE_DEBUG_INFO = INCLUDE_SOURCE;
				MTL_FAST_MATH = YES;
				ONLY_ACTIVE_ARCH = YES;
				SWIFT_ACTIVE_COMPILATION_CONDITIONS = "DEBUG $(inherited)";
				SWIFT_OPTIMIZATION_LEVEL = "-Onone";
			};
			name = Debug;
		};
		D7D3842D2D9D153B0066E5D8 /* Release */ = {
			isa = XCBuildConfiguration;
			buildSettings = {
				ALWAYS_SEARCH_USER_PATHS = NO;
				ASSETCATALOG_COMPILER_GENERATE_SWIFT_ASSET_SYMBOL_EXTENSIONS = YES;
				CLANG_ANALYZER_NONNULL = YES;
				CLANG_ANALYZER_NUMBER_OBJECT_CONVERSION = YES_AGGRESSIVE;
				CLANG_CXX_LANGUAGE_STANDARD = "gnu++20";
				CLANG_ENABLE_MODULES = YES;
				CLANG_ENABLE_OBJC_ARC = YES;
				CLANG_ENABLE_OBJC_WEAK = YES;
				CLANG_WARN_BLOCK_CAPTURE_AUTORELEASING = YES;
				CLANG_WARN_BOOL_CONVERSION = YES;
				CLANG_WARN_COMMA = YES;
				CLANG_WARN_CONSTANT_CONVERSION = YES;
				CLANG_WARN_DEPRECATED_OBJC_IMPLEMENTATIONS = YES;
				CLANG_WARN_DIRECT_OBJC_ISA_USAGE = YES_ERROR;
				CLANG_WARN_DOCUMENTATION_COMMENTS = YES;
				CLANG_WARN_EMPTY_BODY = YES;
				CLANG_WARN_ENUM_CONVERSION = YES;
				CLANG_WARN_INFINITE_RECURSION = YES;
				CLANG_WARN_INT_CONVERSION = YES;
				CLANG_WARN_NON_LITERAL_NULL_CONVERSION = YES;
				CLANG_WARN_OBJC_IMPLICIT_RETAIN_SELF = YES;
				CLANG_WARN_OBJC_LITERAL_CONVERSION = YES;
				CLANG_WARN_OBJC_ROOT_CLASS = YES_ERROR;
				CLANG_WARN_QUOTED_INCLUDE_IN_FRAMEWORK_HEADER = YES;
				CLANG_WARN_RANGE_LOOP_ANALYSIS = YES;
				CLANG_WARN_STRICT_PROTOTYPES = YES;
				CLANG_WARN_SUSPICIOUS_MOVE = YES;
				CLANG_WARN_UNGUARDED_AVAILABILITY = YES_AGGRESSIVE;
				CLANG_WARN_UNREACHABLE_CODE = YES;
				CLANG_WARN__DUPLICATE_METHOD_MATCH = YES;
				COPY_PHASE_STRIP = NO;
				DEAD_CODE_STRIPPING = YES;
				DEBUG_INFORMATION_FORMAT = "dwarf-with-dsym";
				ENABLE_NS_ASSERTIONS = NO;
				ENABLE_STRICT_OBJC_MSGSEND = YES;
				ENABLE_USER_SCRIPT_SANDBOXING = YES;
				GCC_C_LANGUAGE_STANDARD = gnu17;
				GCC_NO_COMMON_BLOCKS = YES;
				GCC_WARN_64_TO_32_BIT_CONVERSION = YES;
				GCC_WARN_ABOUT_RETURN_TYPE = YES_ERROR;
				GCC_WARN_UNDECLARED_SELECTOR = YES;
				GCC_WARN_UNINITIALIZED_AUTOS = YES_AGGRESSIVE;
				GCC_WARN_UNUSED_FUNCTION = YES;
				GCC_WARN_UNUSED_VARIABLE = YES;
				LOCALIZATION_PREFERS_STRING_CATALOGS = YES;
				MTL_ENABLE_DEBUG_INFO = NO;
				MTL_FAST_MATH = YES;
				SWIFT_COMPILATION_MODE = wholemodule;
			};
			name = Release;
		};
		D7D3842F2D9D153B0066E5D8 /* Debug */ = {
			isa = XCBuildConfiguration;
			buildSettings = {
				ASSETCATALOG_COMPILER_APPICON_NAME = AppIcon;
				ASSETCATALOG_COMPILER_GLOBAL_ACCENT_COLOR_NAME = AccentColor;
				CODE_SIGN_ENTITLEMENTS = StarbucksApp/StarbucksApp.entitlements;
				CODE_SIGN_STYLE = Automatic;
				CURRENT_PROJECT_VERSION = 1;
				DEAD_CODE_STRIPPING = YES;
				DEVELOPMENT_ASSET_PATHS = "\"StarbucksApp/Preview Content\"";
				DEVELOPMENT_TEAM = KX93JF4Y2Z;
				ENABLE_PREVIEWS = YES;
				GENERATE_INFOPLIST_FILE = YES;
				INFOPLIST_FILE = StarbucksApp/Info.plist;
				INFOPLIST_KEY_NSLocationAlwaysUsageDescription = "앱이 백그라운드에서 위치를 사용 할 수 있습니다.";
				INFOPLIST_KEY_NSLocationWhenInUseUsageDescription = "위치 정보 사용";
				"INFOPLIST_KEY_UIApplicationSceneManifest_Generation[sdk=iphoneos*]" = YES;
				"INFOPLIST_KEY_UIApplicationSceneManifest_Generation[sdk=iphonesimulator*]" = YES;
				"INFOPLIST_KEY_UIApplicationSupportsIndirectInputEvents[sdk=iphoneos*]" = YES;
				"INFOPLIST_KEY_UIApplicationSupportsIndirectInputEvents[sdk=iphonesimulator*]" = YES;
				"INFOPLIST_KEY_UILaunchScreen_Generation[sdk=iphoneos*]" = YES;
				"INFOPLIST_KEY_UILaunchScreen_Generation[sdk=iphonesimulator*]" = YES;
				"INFOPLIST_KEY_UIStatusBarStyle[sdk=iphoneos*]" = UIStatusBarStyleDefault;
				"INFOPLIST_KEY_UIStatusBarStyle[sdk=iphonesimulator*]" = UIStatusBarStyleDefault;
				IPHONEOS_DEPLOYMENT_TARGET = 18.2;
				LD_RUNPATH_SEARCH_PATHS = "@executable_path/Frameworks";
				"LD_RUNPATH_SEARCH_PATHS[sdk=macosx*]" = "@executable_path/../Frameworks";
				MACOSX_DEPLOYMENT_TARGET = 15.2;
				MARKETING_VERSION = 1.0;
				PRODUCT_BUNDLE_IDENTIFIER = umc.com.gogoStarbucks;
				"PRODUCT_BUNDLE_IDENTIFIER[sdk=iphoneos*]" = "umc.com.gogoStarbuck-";
				PRODUCT_NAME = "$(TARGET_NAME)";
				SDKROOT = auto;
				SUPPORTED_PLATFORMS = "iphoneos iphonesimulator macosx xros xrsimulator";
				SWIFT_EMIT_LOC_STRINGS = YES;
				SWIFT_VERSION = 5.0;
				TARGETED_DEVICE_FAMILY = "1,2,7";
				XROS_DEPLOYMENT_TARGET = 2.2;
			};
			name = Debug;
		};
		D7D384302D9D153B0066E5D8 /* Release */ = {
			isa = XCBuildConfiguration;
			buildSettings = {
				ASSETCATALOG_COMPILER_APPICON_NAME = AppIcon;
				ASSETCATALOG_COMPILER_GLOBAL_ACCENT_COLOR_NAME = AccentColor;
				CODE_SIGN_ENTITLEMENTS = StarbucksApp/StarbucksApp.entitlements;
				CODE_SIGN_STYLE = Automatic;
				CURRENT_PROJECT_VERSION = 1;
				DEAD_CODE_STRIPPING = YES;
				DEVELOPMENT_ASSET_PATHS = "\"StarbucksApp/Preview Content\"";
				DEVELOPMENT_TEAM = KX93JF4Y2Z;
				ENABLE_PREVIEWS = YES;
				GENERATE_INFOPLIST_FILE = YES;
				INFOPLIST_FILE = StarbucksApp/Info.plist;
				INFOPLIST_KEY_NSLocationAlwaysUsageDescription = "앱이 백그라운드에서 위치를 사용 할 수 있습니다.";
				INFOPLIST_KEY_NSLocationWhenInUseUsageDescription = "위치 정보 사용";
				"INFOPLIST_KEY_UIApplicationSceneManifest_Generation[sdk=iphoneos*]" = YES;
				"INFOPLIST_KEY_UIApplicationSceneManifest_Generation[sdk=iphonesimulator*]" = YES;
				"INFOPLIST_KEY_UIApplicationSupportsIndirectInputEvents[sdk=iphoneos*]" = YES;
				"INFOPLIST_KEY_UIApplicationSupportsIndirectInputEvents[sdk=iphonesimulator*]" = YES;
				"INFOPLIST_KEY_UILaunchScreen_Generation[sdk=iphoneos*]" = YES;
				"INFOPLIST_KEY_UILaunchScreen_Generation[sdk=iphonesimulator*]" = YES;
				"INFOPLIST_KEY_UIStatusBarStyle[sdk=iphoneos*]" = UIStatusBarStyleDefault;
				"INFOPLIST_KEY_UIStatusBarStyle[sdk=iphonesimulator*]" = UIStatusBarStyleDefault;
				IPHONEOS_DEPLOYMENT_TARGET = 18.2;
				LD_RUNPATH_SEARCH_PATHS = "@executable_path/Frameworks";
				"LD_RUNPATH_SEARCH_PATHS[sdk=macosx*]" = "@executable_path/../Frameworks";
				MACOSX_DEPLOYMENT_TARGET = 15.2;
				MARKETING_VERSION = 1.0;
				PRODUCT_BUNDLE_IDENTIFIER = umc.com.gogoStarbucks;
				"PRODUCT_BUNDLE_IDENTIFIER[sdk=iphoneos*]" = "umc.com.gogoStarbuck-";
				PRODUCT_NAME = "$(TARGET_NAME)";
				SDKROOT = auto;
				SUPPORTED_PLATFORMS = "iphoneos iphonesimulator macosx xros xrsimulator";
				SWIFT_EMIT_LOC_STRINGS = YES;
				SWIFT_VERSION = 5.0;
				TARGETED_DEVICE_FAMILY = "1,2,7";
				XROS_DEPLOYMENT_TARGET = 2.2;
			};
			name = Release;
		};
		D7D384322D9D153B0066E5D8 /* Debug */ = {
			isa = XCBuildConfiguration;
			buildSettings = {
				BUNDLE_LOADER = "$(TEST_HOST)";
				CODE_SIGN_STYLE = Automatic;
				CURRENT_PROJECT_VERSION = 1;
				DEAD_CODE_STRIPPING = YES;
				GENERATE_INFOPLIST_FILE = YES;
				IPHONEOS_DEPLOYMENT_TARGET = 18.2;
				MACOSX_DEPLOYMENT_TARGET = 15.2;
				MARKETING_VERSION = 1.0;
				PRODUCT_BUNDLE_IDENTIFIER = Koh.StarbucksAppTests;
				PRODUCT_NAME = "$(TARGET_NAME)";
				SDKROOT = auto;
				SUPPORTED_PLATFORMS = "iphoneos iphonesimulator macosx xros xrsimulator";
				SWIFT_EMIT_LOC_STRINGS = NO;
				SWIFT_VERSION = 5.0;
				TARGETED_DEVICE_FAMILY = "1,2,7";
				TEST_HOST = "$(BUILT_PRODUCTS_DIR)/StarbucksApp.app/$(BUNDLE_EXECUTABLE_FOLDER_PATH)/StarbucksApp";
				XROS_DEPLOYMENT_TARGET = 2.2;
			};
			name = Debug;
		};
		D7D384332D9D153B0066E5D8 /* Release */ = {
			isa = XCBuildConfiguration;
			buildSettings = {
				BUNDLE_LOADER = "$(TEST_HOST)";
				CODE_SIGN_STYLE = Automatic;
				CURRENT_PROJECT_VERSION = 1;
				DEAD_CODE_STRIPPING = YES;
				GENERATE_INFOPLIST_FILE = YES;
				IPHONEOS_DEPLOYMENT_TARGET = 18.2;
				MACOSX_DEPLOYMENT_TARGET = 15.2;
				MARKETING_VERSION = 1.0;
				PRODUCT_BUNDLE_IDENTIFIER = Koh.StarbucksAppTests;
				PRODUCT_NAME = "$(TARGET_NAME)";
				SDKROOT = auto;
				SUPPORTED_PLATFORMS = "iphoneos iphonesimulator macosx xros xrsimulator";
				SWIFT_EMIT_LOC_STRINGS = NO;
				SWIFT_VERSION = 5.0;
				TARGETED_DEVICE_FAMILY = "1,2,7";
				TEST_HOST = "$(BUILT_PRODUCTS_DIR)/StarbucksApp.app/$(BUNDLE_EXECUTABLE_FOLDER_PATH)/StarbucksApp";
				XROS_DEPLOYMENT_TARGET = 2.2;
			};
			name = Release;
		};
		D7D384352D9D153B0066E5D8 /* Debug */ = {
			isa = XCBuildConfiguration;
			buildSettings = {
				CODE_SIGN_STYLE = Automatic;
				CURRENT_PROJECT_VERSION = 1;
				DEAD_CODE_STRIPPING = YES;
				GENERATE_INFOPLIST_FILE = YES;
				IPHONEOS_DEPLOYMENT_TARGET = 18.2;
				MACOSX_DEPLOYMENT_TARGET = 15.2;
				MARKETING_VERSION = 1.0;
				PRODUCT_BUNDLE_IDENTIFIER = Koh.StarbucksAppUITests;
				PRODUCT_NAME = "$(TARGET_NAME)";
				SDKROOT = auto;
				SUPPORTED_PLATFORMS = "iphoneos iphonesimulator macosx xros xrsimulator";
				SWIFT_EMIT_LOC_STRINGS = NO;
				SWIFT_VERSION = 5.0;
				TARGETED_DEVICE_FAMILY = "1,2,7";
				TEST_TARGET_NAME = StarbucksApp;
				XROS_DEPLOYMENT_TARGET = 2.2;
			};
			name = Debug;
		};
		D7D384362D9D153B0066E5D8 /* Release */ = {
			isa = XCBuildConfiguration;
			buildSettings = {
				CODE_SIGN_STYLE = Automatic;
				CURRENT_PROJECT_VERSION = 1;
				DEAD_CODE_STRIPPING = YES;
				GENERATE_INFOPLIST_FILE = YES;
				IPHONEOS_DEPLOYMENT_TARGET = 18.2;
				MACOSX_DEPLOYMENT_TARGET = 15.2;
				MARKETING_VERSION = 1.0;
				PRODUCT_BUNDLE_IDENTIFIER = Koh.StarbucksAppUITests;
				PRODUCT_NAME = "$(TARGET_NAME)";
				SDKROOT = auto;
				SUPPORTED_PLATFORMS = "iphoneos iphonesimulator macosx xros xrsimulator";
				SWIFT_EMIT_LOC_STRINGS = NO;
				SWIFT_VERSION = 5.0;
				TARGETED_DEVICE_FAMILY = "1,2,7";
				TEST_TARGET_NAME = StarbucksApp;
				XROS_DEPLOYMENT_TARGET = 2.2;
			};
			name = Release;
		};
/* End XCBuildConfiguration section */

/* Begin XCConfigurationList section */
		D7D384042D9D153A0066E5D8 /* Build configuration list for PBXProject "StarbucksApp" */ = {
			isa = XCConfigurationList;
			buildConfigurations = (
				D7D3842C2D9D153B0066E5D8 /* Debug */,
				D7D3842D2D9D153B0066E5D8 /* Release */,
			);
			defaultConfigurationIsVisible = 0;
			defaultConfigurationName = Release;
		};
		D7D3842E2D9D153B0066E5D8 /* Build configuration list for PBXNativeTarget "StarbucksApp" */ = {
			isa = XCConfigurationList;
			buildConfigurations = (
				D7D3842F2D9D153B0066E5D8 /* Debug */,
				D7D384302D9D153B0066E5D8 /* Release */,
			);
			defaultConfigurationIsVisible = 0;
			defaultConfigurationName = Release;
		};
		D7D384312D9D153B0066E5D8 /* Build configuration list for PBXNativeTarget "StarbucksAppTests" */ = {
			isa = XCConfigurationList;
			buildConfigurations = (
				D7D384322D9D153B0066E5D8 /* Debug */,
				D7D384332D9D153B0066E5D8 /* Release */,
			);
			defaultConfigurationIsVisible = 0;
			defaultConfigurationName = Release;
		};
		D7D384342D9D153B0066E5D8 /* Build configuration list for PBXNativeTarget "StarbucksAppUITests" */ = {
			isa = XCConfigurationList;
			buildConfigurations = (
				D7D384352D9D153B0066E5D8 /* Debug */,
				D7D384362D9D153B0066E5D8 /* Release */,
			);
			defaultConfigurationIsVisible = 0;
			defaultConfigurationName = Release;
		};
/* End XCConfigurationList section */

/* Begin XCRemoteSwiftPackageReference section */
		D77022C92DE661FC000347CC /* XCRemoteSwiftPackageReference "Moya" */ = {
			isa = XCRemoteSwiftPackageReference;
			repositoryURL = "https://github.com/Moya/Moya";
			requirement = {
				kind = upToNextMajorVersion;
				minimumVersion = 15.0.3;
			};
		};
		D7EF95432DD2A933003A3C81 /* XCRemoteSwiftPackageReference "Alamofire" */ = {
			isa = XCRemoteSwiftPackageReference;
			repositoryURL = "https://github.com/Alamofire/Alamofire.git";
			requirement = {
				kind = upToNextMajorVersion;
				minimumVersion = 5.10.2;
			};
		};
		D7EF95462DD2A9ED003A3C81 /* XCRemoteSwiftPackageReference "kakao-ios-sdk" */ = {
			isa = XCRemoteSwiftPackageReference;
			repositoryURL = "https://github.com/kakao/kakao-ios-sdk";
			requirement = {
				kind = upToNextMajorVersion;
				minimumVersion = 2.24.2;
			};
		};
/* End XCRemoteSwiftPackageReference section */

/* Begin XCSwiftPackageProductDependency section */
		D77022CA2DE661FC000347CC /* Moya */ = {
			isa = XCSwiftPackageProductDependency;
			package = D77022C92DE661FC000347CC /* XCRemoteSwiftPackageReference "Moya" */;
			productName = Moya;
		};
		D7EF95442DD2A933003A3C81 /* Alamofire */ = {
			isa = XCSwiftPackageProductDependency;
			package = D7EF95432DD2A933003A3C81 /* XCRemoteSwiftPackageReference "Alamofire" */;
			productName = Alamofire;
		};
		D7EF95472DD2A9ED003A3C81 /* KakaoSDK */ = {
			isa = XCSwiftPackageProductDependency;
			package = D7EF95462DD2A9ED003A3C81 /* XCRemoteSwiftPackageReference "kakao-ios-sdk" */;
			productName = KakaoSDK;
		};
		D7EF95492DD2A9ED003A3C81 /* KakaoSDKAuth */ = {
			isa = XCSwiftPackageProductDependency;
			package = D7EF95462DD2A9ED003A3C81 /* XCRemoteSwiftPackageReference "kakao-ios-sdk" */;
			productName = KakaoSDKAuth;
		};
		D7EF954B2DD2A9ED003A3C81 /* KakaoSDKCert */ = {
			isa = XCSwiftPackageProductDependency;
			package = D7EF95462DD2A9ED003A3C81 /* XCRemoteSwiftPackageReference "kakao-ios-sdk" */;
			productName = KakaoSDKCert;
		};
		D7EF954D2DD2A9ED003A3C81 /* KakaoSDKCertCore */ = {
			isa = XCSwiftPackageProductDependency;
			package = D7EF95462DD2A9ED003A3C81 /* XCRemoteSwiftPackageReference "kakao-ios-sdk" */;
			productName = KakaoSDKCertCore;
		};
		D7EF954F2DD2A9ED003A3C81 /* KakaoSDKCommon */ = {
			isa = XCSwiftPackageProductDependency;
			package = D7EF95462DD2A9ED003A3C81 /* XCRemoteSwiftPackageReference "kakao-ios-sdk" */;
			productName = KakaoSDKCommon;
		};
/* End XCSwiftPackageProductDependency section */
	};
	rootObject = D7D384012D9D153A0066E5D8 /* Project object */;
}
